
Microsoft Visual Studio Solution File, Format Version 12.00
# Visual Studio Version 16
VisualStudioVersion = 16.0.29230.47
MinimumVisualStudioVersion = 10.0.40219.1
Project("{FAE04EC0-301F-11D3-BF4B-00C04F79EFBC}") = "Memory1.UWP", "Memory1\Memory1.UWP\Memory1.UWP.csproj", "{1E6FBE0D-4F87-4F85-BD76-B3729AAEF21E}"
EndProject
Project("{FAE04EC0-301F-11D3-BF4B-00C04F79EFBC}") = "Memory1.Android", "Memory1\Memory1.Android\Memory1.Android.csproj", "{3A89314A-A0EB-4145-8CD1-11BF474AF1C1}"
EndProject
Project("{FAE04EC0-301F-11D3-BF4B-00C04F79EFBC}") = "Memory1.iOS", "Memory1\Memory1.iOS\Memory1.iOS.csproj", "{F2781994-585A-4407-B00E-B498AD851C1A}"
EndProject
Project("{FAE04EC0-301F-11D3-BF4B-00C04F79EFBC}") = "Memory1", "Memory1\Memory1\Memory1.csproj", "{B6DBB85C-0F19-45B1-A7F0-E8093A7BBE0D}"
EndProject
Global
	GlobalSection(SolutionConfigurationPlatforms) = preSolution
		Debug|Any CPU = Debug|Any CPU
		Debug|ARM = Debug|ARM
		Debug|iPhone = Debug|iPhone
		Debug|iPhoneSimulator = Debug|iPhoneSimulator
		Debug|x64 = Debug|x64
		Debug|x86 = Debug|x86
		Release|Any CPU = Release|Any CPU
		Release|ARM = Release|ARM
		Release|iPhone = Release|iPhone
		Release|iPhoneSimulator = Release|iPhoneSimulator
		Release|x64 = Release|x64
		Release|x86 = Release|x86
	EndGlobalSection
	GlobalSection(ProjectConfigurationPlatforms) = postSolution
		{1E6FBE0D-4F87-4F85-BD76-B3729AAEF21E}.Debug|Any CPU.ActiveCfg = Debug|x86
		{1E6FBE0D-4F87-4F85-BD76-B3729AAEF21E}.Debug|Any CPU.Build.0 = Debug|x86
		{1E6FBE0D-4F87-4F85-BD76-B3729AAEF21E}.Debug|Any CPU.Deploy.0 = Debug|x86
		{1E6FBE0D-4F87-4F85-BD76-B3729AAEF21E}.Debug|ARM.ActiveCfg = Debug|ARM
		{1E6FBE0D-4F87-4F85-BD76-B3729AAEF21E}.Debug|ARM.Build.0 = Debug|ARM
		{1E6FBE0D-4F87-4F85-BD76-B3729AAEF21E}.Debug|ARM.Deploy.0 = Debug|ARM
		{1E6FBE0D-4F87-4F85-BD76-B3729AAEF21E}.Debug|iPhone.ActiveCfg = Debug|x86
		{1E6FBE0D-4F87-4F85-BD76-B3729AAEF21E}.Debug|iPhone.Build.0 = Debug|x86
		{1E6FBE0D-4F87-4F85-BD76-B3729AAEF21E}.Debug|iPhone.Deploy.0 = Debug|x86
		{1E6FBE0D-4F87-4F85-BD76-B3729AAEF21E}.Debug|iPhoneSimulator.ActiveCfg = Debug|x86
		{1E6FBE0D-4F87-4F85-BD76-B3729AAEF21E}.Debug|iPhoneSimulator.Build.0 = Debug|x86
		{1E6FBE0D-4F87-4F85-BD76-B3729AAEF21E}.Debug|iPhoneSimulator.Deploy.0 = Debug|x86
		{1E6FBE0D-4F87-4F85-BD76-B3729AAEF21E}.Debug|x64.ActiveCfg = Debug|x64
		{1E6FBE0D-4F87-4F85-BD76-B3729AAEF21E}.Debug|x64.Build.0 = Debug|x64
		{1E6FBE0D-4F87-4F85-BD76-B3729AAEF21E}.Debug|x64.Deploy.0 = Debug|x64
		{1E6FBE0D-4F87-4F85-BD76-B3729AAEF21E}.Debug|x86.ActiveCfg = Debug|x86
		{1E6FBE0D-4F87-4F85-BD76-B3729AAEF21E}.Debug|x86.Build.0 = Debug|x86
		{1E6FBE0D-4F87-4F85-BD76-B3729AAEF21E}.Debug|x86.Deploy.0 = Debug|x86
		{1E6FBE0D-4F87-4F85-BD76-B3729AAEF21E}.Release|Any CPU.ActiveCfg = Release|x86
		{1E6FBE0D-4F87-4F85-BD76-B3729AAEF21E}.Release|Any CPU.Build.0 = Release|x86
		{1E6FBE0D-4F87-4F85-BD76-B3729AAEF21E}.Release|Any CPU.Deploy.0 = Release|x86
		{1E6FBE0D-4F87-4F85-BD76-B3729AAEF21E}.Release|ARM.ActiveCfg = Release|ARM
		{1E6FBE0D-4F87-4F85-BD76-B3729AAEF21E}.Release|ARM.Build.0 = Release|ARM
		{1E6FBE0D-4F87-4F85-BD76-B3729AAEF21E}.Release|ARM.Deploy.0 = Release|ARM
		{1E6FBE0D-4F87-4F85-BD76-B3729AAEF21E}.Release|iPhone.ActiveCfg = Release|x86
		{1E6FBE0D-4F87-4F85-BD76-B3729AAEF21E}.Release|iPhone.Build.0 = Release|x86
		{1E6FBE0D-4F87-4F85-BD76-B3729AAEF21E}.Release|iPhone.Deploy.0 = Release|x86
		{1E6FBE0D-4F87-4F85-BD76-B3729AAEF21E}.Release|iPhoneSimulator.ActiveCfg = Release|x86
		{1E6FBE0D-4F87-4F85-BD76-B3729AAEF21E}.Release|iPhoneSimulator.Build.0 = Release|x86
		{1E6FBE0D-4F87-4F85-BD76-B3729AAEF21E}.Release|iPhoneSimulator.Deploy.0 = Release|x86
		{1E6FBE0D-4F87-4F85-BD76-B3729AAEF21E}.Release|x64.ActiveCfg = Release|x64
		{1E6FBE0D-4F87-4F85-BD76-B3729AAEF21E}.Release|x64.Build.0 = Release|x64
		{1E6FBE0D-4F87-4F85-BD76-B3729AAEF21E}.Release|x64.Deploy.0 = Release|x64
		{1E6FBE0D-4F87-4F85-BD76-B3729AAEF21E}.Release|x86.ActiveCfg = Release|x86
		{1E6FBE0D-4F87-4F85-BD76-B3729AAEF21E}.Release|x86.Build.0 = Release|x86
		{1E6FBE0D-4F87-4F85-BD76-B3729AAEF21E}.Release|x86.Deploy.0 = Release|x86
		{3A89314A-A0EB-4145-8CD1-11BF474AF1C1}.Debug|Any CPU.ActiveCfg = Debug|Any CPU
		{3A89314A-A0EB-4145-8CD1-11BF474AF1C1}.Debug|Any CPU.Build.0 = Debug|Any CPU
		{3A89314A-A0EB-4145-8CD1-11BF474AF1C1}.Debug|Any CPU.Deploy.0 = Debug|Any CPU
		{3A89314A-A0EB-4145-8CD1-11BF474AF1C1}.Debug|ARM.ActiveCfg = Debug|Any CPU
		{3A89314A-A0EB-4145-8CD1-11BF474AF1C1}.Debug|ARM.Build.0 = Debug|Any CPU
		{3A89314A-A0EB-4145-8CD1-11BF474AF1C1}.Debug|ARM.Deploy.0 = Debug|Any CPU
		{3A89314A-A0EB-4145-8CD1-11BF474AF1C1}.Debug|iPhone.ActiveCfg = Debug|Any CPU
		{3A89314A-A0EB-4145-8CD1-11BF474AF1C1}.Debug|iPhone.Build.0 = Debug|Any CPU
		{3A89314A-A0EB-4145-8CD1-11BF474AF1C1}.Debug|iPhone.Deploy.0 = Debug|Any CPU
		{3A89314A-A0EB-4145-8CD1-11BF474AF1C1}.Debug|iPhoneSimulator.ActiveCfg = Debug|Any CPU
		{3A89314A-A0EB-4145-8CD1-11BF474AF1C1}.Debug|iPhoneSimulator.Build.0 = Debug|Any CPU
		{3A89314A-A0EB-4145-8CD1-11BF474AF1C1}.Debug|iPhoneSimulator.Deploy.0 = Debug|Any CPU
		{3A89314A-A0EB-4145-8CD1-11BF474AF1C1}.Debug|x64.ActiveCfg = Debug|Any CPU
		{3A89314A-A0EB-4145-8CD1-11BF474AF1C1}.Debug|x64.Build.0 = Debug|Any CPU
		{3A89314A-A0EB-4145-8CD1-11BF474AF1C1}.Debug|x64.Deploy.0 = Debug|Any CPU
		{3A89314A-A0EB-4145-8CD1-11BF474AF1C1}.Debug|x86.ActiveCfg = Debug|Any CPU
		{3A89314A-A0EB-4145-8CD1-11BF474AF1C1}.Debug|x86.Build.0 = Debug|Any CPU
		{3A89314A-A0EB-4145-8CD1-11BF474AF1C1}.Debug|x86.Deploy.0 = Debug|Any CPU
		{3A89314A-A0EB-4145-8CD1-11BF474AF1C1}.Release|Any CPU.ActiveCfg = Release|Any CPU
		{3A89314A-A0EB-4145-8CD1-11BF474AF1C1}.Release|Any CPU.Build.0 = Release|Any CPU
		{3A89314A-A0EB-4145-8CD1-11BF474AF1C1}.Release|Any CPU.Deploy.0 = Release|Any CPU
		{3A89314A-A0EB-4145-8CD1-11BF474AF1C1}.Release|ARM.ActiveCfg = Release|Any CPU
		{3A89314A-A0EB-4145-8CD1-11BF474AF1C1}.Release|ARM.Build.0 = Release|Any CPU
		{3A89314A-A0EB-4145-8CD1-11BF474AF1C1}.Release|ARM.Deploy.0 = Release|Any CPU
		{3A89314A-A0EB-4145-8CD1-11BF474AF1C1}.Release|iPhone.ActiveCfg = Release|Any CPU
		{3A89314A-A0EB-4145-8CD1-11BF474AF1C1}.Release|iPhone.Build.0 = Release|Any CPU
		{3A89314A-A0EB-4145-8CD1-11BF474AF1C1}.Release|iPhone.Deploy.0 = Release|Any CPU
		{3A89314A-A0EB-4145-8CD1-11BF474AF1C1}.Release|iPhoneSimulator.ActiveCfg = Release|Any CPU
		{3A89314A-A0EB-4145-8CD1-11BF474AF1C1}.Release|iPhoneSimulator.Build.0 = Release|Any CPU
		{3A89314A-A0EB-4145-8CD1-11BF474AF1C1}.Release|iPhoneSimulator.Deploy.0 = Release|Any CPU
		{3A89314A-A0EB-4145-8CD1-11BF474AF1C1}.Release|x64.ActiveCfg = Release|Any CPU
		{3A89314A-A0EB-4145-8CD1-11BF474AF1C1}.Release|x64.Build.0 = Release|Any CPU
		{3A89314A-A0EB-4145-8CD1-11BF474AF1C1}.Release|x64.Deploy.0 = Release|Any CPU
		{3A89314A-A0EB-4145-8CD1-11BF474AF1C1}.Release|x86.ActiveCfg = Release|Any CPU
		{3A89314A-A0EB-4145-8CD1-11BF474AF1C1}.Release|x86.Build.0 = Release|Any CPU
		{3A89314A-A0EB-4145-8CD1-11BF474AF1C1}.Release|x86.Deploy.0 = Release|Any CPU
		{F2781994-585A-4407-B00E-B498AD851C1A}.Debug|Any CPU.ActiveCfg = Debug|iPhone
		{F2781994-585A-4407-B00E-B498AD851C1A}.Debug|Any CPU.Build.0 = Debug|iPhone
		{F2781994-585A-4407-B00E-B498AD851C1A}.Debug|Any CPU.Deploy.0 = Debug|iPhone
		{F2781994-585A-4407-B00E-B498AD851C1A}.Debug|ARM.ActiveCfg = Debug|iPhoneSimulator
		{F2781994-585A-4407-B00E-B498AD851C1A}.Debug|ARM.Build.0 = Debug|iPhoneSimulator
		{F2781994-585A-4407-B00E-B498AD851C1A}.Debug|ARM.Deploy.0 = Debug|iPhoneSimulator
		{F2781994-585A-4407-B00E-B498AD851C1A}.Debug|iPhone.ActiveCfg = Debug|iPhone
		{F2781994-585A-4407-B00E-B498AD851C1A}.Debug|iPhone.Build.0 = Debug|iPhone
		{F2781994-585A-4407-B00E-B498AD851C1A}.Debug|iPhone.Deploy.0 = Debug|iPhone
		{F2781994-585A-4407-B00E-B498AD851C1A}.Debug|iPhoneSimulator.ActiveCfg = Debug|iPhoneSimulator
		{F2781994-585A-4407-B00E-B498AD851C1A}.Debug|iPhoneSimulator.Build.0 = Debug|iPhoneSimulator
		{F2781994-585A-4407-B00E-B498AD851C1A}.Debug|iPhoneSimulator.Deploy.0 = Debug|iPhoneSimulator
		{F2781994-585A-4407-B00E-B498AD851C1A}.Debug|x64.ActiveCfg = Debug|iPhone
		{F2781994-585A-4407-B00E-B498AD851C1A}.Debug|x64.Build.0 = Debug|iPhone
		{F2781994-585A-4407-B00E-B498AD851C1A}.Debug|x64.Deploy.0 = Debug|iPhone
		{F2781994-585A-4407-B00E-B498AD851C1A}.Debug|x86.ActiveCfg = Debug|iPhone
		{F2781994-585A-4407-B00E-B498AD851C1A}.Debug|x86.Build.0 = Debug|iPhone
		{F2781994-585A-4407-B00E-B498AD851C1A}.Debug|x86.Deploy.0 = Debug|iPhone
		{F2781994-585A-4407-B00E-B498AD851C1A}.Release|Any CPU.ActiveCfg = Release|iPhone
		{F2781994-585A-4407-B00E-B498AD851C1A}.Release|Any CPU.Build.0 = Release|iPhone
		{F2781994-585A-4407-B00E-B498AD851C1A}.Release|Any CPU.Deploy.0 = Release|iPhone
		{F2781994-585A-4407-B00E-B498AD851C1A}.Release|ARM.ActiveCfg = Release|iPhone
		{F2781994-585A-4407-B00E-B498AD851C1A}.Release|ARM.Build.0 = Release|iPhone
		{F2781994-585A-4407-B00E-B498AD851C1A}.Release|ARM.Deploy.0 = Release|iPhone
		{F2781994-585A-4407-B00E-B498AD851C1A}.Release|iPhone.ActiveCfg = Release|iPhone
		{F2781994-585A-4407-B00E-B498AD851C1A}.Release|iPhone.Build.0 = Release|iPhone
		{F2781994-585A-4407-B00E-B498AD851C1A}.Release|iPhone.Deploy.0 = Release|iPhone
		{F2781994-585A-4407-B00E-B498AD851C1A}.Release|iPhoneSimulator.ActiveCfg = Release|iPhoneSimulator
		{F2781994-585A-4407-B00E-B498AD851C1A}.Release|iPhoneSimulator.Build.0 = Release|iPhoneSimulator
		{F2781994-585A-4407-B00E-B498AD851C1A}.Release|iPhoneSimulator.Deploy.0 = Release|iPhoneSimulator
		{F2781994-585A-4407-B00E-B498AD851C1A}.Release|x64.ActiveCfg = Release|iPhone
		{F2781994-585A-4407-B00E-B498AD851C1A}.Release|x64.Build.0 = Release|iPhone
		{F2781994-585A-4407-B00E-B498AD851C1A}.Release|x64.Deploy.0 = Release|iPhone
		{F2781994-585A-4407-B00E-B498AD851C1A}.Release|x86.ActiveCfg = Release|iPhone
		{F2781994-585A-4407-B00E-B498AD851C1A}.Release|x86.Build.0 = Release|iPhone
		{F2781994-585A-4407-B00E-B498AD851C1A}.Release|x86.Deploy.0 = Release|iPhone
		{B6DBB85C-0F19-45B1-A7F0-E8093A7BBE0D}.Debug|Any CPU.ActiveCfg = Debug|Any CPU
		{B6DBB85C-0F19-45B1-A7F0-E8093A7BBE0D}.Debug|Any CPU.Build.0 = Debug|Any CPU
		{B6DBB85C-0F19-45B1-A7F0-E8093A7BBE0D}.Debug|Any CPU.Deploy.0 = Debug|Any CPU
		{B6DBB85C-0F19-45B1-A7F0-E8093A7BBE0D}.Debug|ARM.ActiveCfg = Debug|Any CPU
		{B6DBB85C-0F19-45B1-A7F0-E8093A7BBE0D}.Debug|ARM.Build.0 = Debug|Any CPU
		{B6DBB85C-0F19-45B1-A7F0-E8093A7BBE0D}.Debug|ARM.Deploy.0 = Debug|Any CPU
		{B6DBB85C-0F19-45B1-A7F0-E8093A7BBE0D}.Debug|iPhone.ActiveCfg = Debug|Any CPU
		{B6DBB85C-0F19-45B1-A7F0-E8093A7BBE0D}.Debug|iPhone.Build.0 = Debug|Any CPU
		{B6DBB85C-0F19-45B1-A7F0-E8093A7BBE0D}.Debug|iPhone.Deploy.0 = Debug|Any CPU
		{B6DBB85C-0F19-45B1-A7F0-E8093A7BBE0D}.Debug|iPhoneSimulator.ActiveCfg = Debug|Any CPU
		{B6DBB85C-0F19-45B1-A7F0-E8093A7BBE0D}.Debug|iPhoneSimulator.Build.0 = Debug|Any CPU
		{B6DBB85C-0F19-45B1-A7F0-E8093A7BBE0D}.Debug|iPhoneSimulator.Deploy.0 = Debug|Any CPU
		{B6DBB85C-0F19-45B1-A7F0-E8093A7BBE0D}.Debug|x64.ActiveCfg = Debug|Any CPU
		{B6DBB85C-0F19-45B1-A7F0-E8093A7BBE0D}.Debug|x64.Build.0 = Debug|Any CPU
		{B6DBB85C-0F19-45B1-A7F0-E8093A7BBE0D}.Debug|x64.Deploy.0 = Debug|Any CPU
		{B6DBB85C-0F19-45B1-A7F0-E8093A7BBE0D}.Debug|x86.ActiveCfg = Debug|Any CPU
		{B6DBB85C-0F19-45B1-A7F0-E8093A7BBE0D}.Debug|x86.Build.0 = Debug|Any CPU
		{B6DBB85C-0F19-45B1-A7F0-E8093A7BBE0D}.Debug|x86.Deploy.0 = Debug|Any CPU
		{B6DBB85C-0F19-45B1-A7F0-E8093A7BBE0D}.Release|Any CPU.ActiveCfg = Release|Any CPU
		{B6DBB85C-0F19-45B1-A7F0-E8093A7BBE0D}.Release|Any CPU.Build.0 = Release|Any CPU
		{B6DBB85C-0F19-45B1-A7F0-E8093A7BBE0D}.Release|Any CPU.Deploy.0 = Release|Any CPU
		{B6DBB85C-0F19-45B1-A7F0-E8093A7BBE0D}.Release|ARM.ActiveCfg = Release|Any CPU
		{B6DBB85C-0F19-45B1-A7F0-E8093A7BBE0D}.Release|ARM.Build.0 = Release|Any CPU
		{B6DBB85C-0F19-45B1-A7F0-E8093A7BBE0D}.Release|ARM.Deploy.0 = Release|Any CPU
		{B6DBB85C-0F19-45B1-A7F0-E8093A7BBE0D}.Release|iPhone.ActiveCfg = Release|Any CPU
		{B6DBB85C-0F19-45B1-A7F0-E8093A7BBE0D}.Release|iPhone.Build.0 = Release|Any CPU
		{B6DBB85C-0F19-45B1-A7F0-E8093A7BBE0D}.Release|iPhone.Deploy.0 = Release|Any CPU
		{B6DBB85C-0F19-45B1-A7F0-E8093A7BBE0D}.Release|iPhoneSimulator.ActiveCfg = Release|Any CPU
		{B6DBB85C-0F19-45B1-A7F0-E8093A7BBE0D}.Release|iPhoneSimulator.Build.0 = Release|Any CPU
		{B6DBB85C-0F19-45B1-A7F0-E8093A7BBE0D}.Release|iPhoneSimulator.Deploy.0 = Release|Any CPU
		{B6DBB85C-0F19-45B1-A7F0-E8093A7BBE0D}.Release|x64.ActiveCfg = Release|Any CPU
		{B6DBB85C-0F19-45B1-A7F0-E8093A7BBE0D}.Release|x64.Build.0 = Release|Any CPU
		{B6DBB85C-0F19-45B1-A7F0-E8093A7BBE0D}.Release|x64.Deploy.0 = Release|Any CPU
		{B6DBB85C-0F19-45B1-A7F0-E8093A7BBE0D}.Release|x86.ActiveCfg = Release|Any CPU
		{B6DBB85C-0F19-45B1-A7F0-E8093A7BBE0D}.Release|x86.Build.0 = Release|Any CPU
		{B6DBB85C-0F19-45B1-A7F0-E8093A7BBE0D}.Release|x86.Deploy.0 = Release|Any CPU
	EndGlobalSection
	GlobalSection(SolutionProperties) = preSolution
		HideSolutionNode = FALSE
	EndGlobalSection
	GlobalSection(ExtensibilityGlobals) = postSolution
		SolutionGuid = {3625C4CD-1F3D-4C6B-A199-A8E5072A3840}
	EndGlobalSection
EndGlobal
